// !$*UTF8*$!
{
	archiveVersion = 1;
	classes = {
	};
	objectVersion = 45;
	objects = {

/* Begin PBXBuildFile section */
		1D3623260D0F684500981E51 /* PlutoLandAppDelegate.m in Sources */ = {isa = PBXBuildFile; fileRef = 1D3623250D0F684500981E51 /* PlutoLandAppDelegate.m */; };
		1D60589B0D05DD56006BFB54 /* main.m in Sources */ = {isa = PBXBuildFile; fileRef = 29B97316FDCFA39411CA2CEA /* main.m */; };
		1D60589F0D05DD5A006BFB54 /* Foundation.framework in Frameworks */ = {isa = PBXBuildFile; fileRef = 1D30AB110D05D00D00671497 /* Foundation.framework */; };
		1DF5F4E00D08C38300B7A737 /* UIKit.framework in Frameworks */ = {isa = PBXBuildFile; fileRef = 1DF5F4DF0D08C38300B7A737 /* UIKit.framework */; };
		288765FD0DF74451002DB57D /* CoreGraphics.framework in Frameworks */ = {isa = PBXBuildFile; fileRef = 288765FC0DF74451002DB57D /* CoreGraphics.framework */; };
		28AD733F0D9D9553002E5188 /* MainWindow.xib in Resources */ = {isa = PBXBuildFile; fileRef = 28AD733E0D9D9553002E5188 /* MainWindow.xib */; };
		713B274911F81BB800E2036D /* UIView-ModalAnimationHelper.m in Sources */ = {isa = PBXBuildFile; fileRef = 713B274811F81BB800E2036D /* UIView-ModalAnimationHelper.m */; };
		713B274C11F81C5900E2036D /* UIViewAdditions.m in Sources */ = {isa = PBXBuildFile; fileRef = 713B274B11F81C5900E2036D /* UIViewAdditions.m */; };
		713B276611F8224300E2036D /* XFPageController.m in Sources */ = {isa = PBXBuildFile; fileRef = 713B276511F8224300E2036D /* XFPageController.m */; };
		713B276911F823BE00E2036D /* PLSegmentCell.m in Sources */ = {isa = PBXBuildFile; fileRef = 713B276811F823BE00E2036D /* PLSegmentCell.m */; };
		713B276E11F82C2800E2036D /* PLSegmentView.m in Sources */ = {isa = PBXBuildFile; fileRef = 713B276D11F82C2800E2036D /* PLSegmentView.m */; };
		713B277A11F83C4800E2036D /* PLTabBarController.m in Sources */ = {isa = PBXBuildFile; fileRef = 713B277911F83C4800E2036D /* PLTabBarController.m */; };
		7157DCB311EEFDEB00E36675 /* PLImageRequest.m in Sources */ = {isa = PBXBuildFile; fileRef = 7157DCB211EEFDEB00E36675 /* PLImageRequest.m */; };
		7157DD6511EF301100E36675 /* PLHttpQueue.m in Sources */ = {isa = PBXBuildFile; fileRef = 7157DD6411EF301100E36675 /* PLHttpQueue.m */; };
		7157DD7011EF3B9200E36675 /* PLImageCache.m in Sources */ = {isa = PBXBuildFile; fileRef = 7157DD6F11EF3B9200E36675 /* PLImageCache.m */; };
		7157DDC111EF474500E36675 /* PLHttpClient.m in Sources */ = {isa = PBXBuildFile; fileRef = 7157DDC011EF474500E36675 /* PLHttpClient.m */; };
		7157DDC411EF47B100E36675 /* PLImageLoader.m in Sources */ = {isa = PBXBuildFile; fileRef = 7157DDC311EF47B100E36675 /* PLImageLoader.m */; };
		7157DDD411EF53A400E36675 /* UIImageView+Http.m in Sources */ = {isa = PBXBuildFile; fileRef = 7157DDD311EF53A400E36675 /* UIImageView+Http.m */; };
		71BCAD5911EFFF4500191293 /* ImageLoaderBasicVC.m in Sources */ = {isa = PBXBuildFile; fileRef = 71BCAD5711EFFF4500191293 /* ImageLoaderBasicVC.m */; };
		71BCAD5A11EFFF4500191293 /* ImageLoaderBasicVC.xib in Resources */ = {isa = PBXBuildFile; fileRef = 71BCAD5811EFFF4500191293 /* ImageLoaderBasicVC.xib */; };
		71BCAD6111F000B800191293 /* notify_arrow.png in Resources */ = {isa = PBXBuildFile; fileRef = 71BCAD6011F000B800191293 /* notify_arrow.png */; };
		71BCADD711F02CD700191293 /* T.m in Sources */ = {isa = PBXBuildFile; fileRef = 71BCADD611F02CD700191293 /* T.m */; };
		71BCAE1711F02F4F00191293 /* PLGlobal.m in Sources */ = {isa = PBXBuildFile; fileRef = 71BCAE1611F02F4F00191293 /* PLGlobal.m */; };
		71BCAE2011F0307700191293 /* RootViewController.m in Sources */ = {isa = PBXBuildFile; fileRef = 71BCAE1F11F0307700191293 /* RootViewController.m */; };
		71BCAE2511F0386500191293 /* ImageLoaderSpecial.m in Sources */ = {isa = PBXBuildFile; fileRef = 71BCAE2411F0386500191293 /* ImageLoaderSpecial.m */; };
		71BCAEAE11F06AF500191293 /* placeHolder.png in Resources */ = {isa = PBXBuildFile; fileRef = 71BCAEAD11F06AF500191293 /* placeHolder.png */; };
		8C1F4CD011F85AF700FEF83E /* nav1_1.png in Resources */ = {isa = PBXBuildFile; fileRef = 8C1F4CC811F85AF700FEF83E /* nav1_1.png */; };
		8C1F4CD111F85AF700FEF83E /* nav1.png in Resources */ = {isa = PBXBuildFile; fileRef = 8C1F4CC911F85AF700FEF83E /* nav1.png */; };
		8C1F4CD211F85AF700FEF83E /* nav2_1.png in Resources */ = {isa = PBXBuildFile; fileRef = 8C1F4CCA11F85AF700FEF83E /* nav2_1.png */; };
		8C1F4CD311F85AF700FEF83E /* nav2.png in Resources */ = {isa = PBXBuildFile; fileRef = 8C1F4CCB11F85AF700FEF83E /* nav2.png */; };
		8C1F4CD411F85AF700FEF83E /* nav3_1.png in Resources */ = {isa = PBXBuildFile; fileRef = 8C1F4CCC11F85AF700FEF83E /* nav3_1.png */; };
		8C1F4CD511F85AF700FEF83E /* nav3.png in Resources */ = {isa = PBXBuildFile; fileRef = 8C1F4CCD11F85AF700FEF83E /* nav3.png */; };
		8C1F4CD611F85AF700FEF83E /* nav4_1.png in Resources */ = {isa = PBXBuildFile; fileRef = 8C1F4CCE11F85AF700FEF83E /* nav4_1.png */; };
		8C1F4CD711F85AF700FEF83E /* nav4.png in Resources */ = {isa = PBXBuildFile; fileRef = 8C1F4CCF11F85AF700FEF83E /* nav4.png */; };
		8C1F4CDB11F85B5100FEF83E /* SegmentDemoViewController.m in Sources */ = {isa = PBXBuildFile; fileRef = 8C1F4CDA11F85B5100FEF83E /* SegmentDemoViewController.m */; };
		8C1F4D3411F86B7300FEF83E /* TabBarVCDemoViewController.m in Sources */ = {isa = PBXBuildFile; fileRef = 8C1F4D3311F86B7300FEF83E /* TabBarVCDemoViewController.m */; };
		8CD6583511F04D28009D906E /* AppRecord.m in Sources */ = {isa = PBXBuildFile; fileRef = 8CD6583211F04D28009D906E /* AppRecord.m */; };
		8CD6583611F04D28009D906E /* ParseOperation.m in Sources */ = {isa = PBXBuildFile; fileRef = 8CD6583411F04D28009D906E /* ParseOperation.m */; };
/* End PBXBuildFile section */

/* Begin PBXFileReference section */
		1D30AB110D05D00D00671497 /* Foundation.framework */ = {isa = PBXFileReference; lastKnownFileType = wrapper.framework; name = Foundation.framework; path = System/Library/Frameworks/Foundation.framework; sourceTree = SDKROOT; };
		1D3623240D0F684500981E51 /* PlutoLandAppDelegate.h */ = {isa = PBXFileReference; fileEncoding = 4; lastKnownFileType = sourcecode.c.h; path = PlutoLandAppDelegate.h; sourceTree = "<group>"; };
		1D3623250D0F684500981E51 /* PlutoLandAppDelegate.m */ = {isa = PBXFileReference; fileEncoding = 4; lastKnownFileType = sourcecode.c.objc; path = PlutoLandAppDelegate.m; sourceTree = "<group>"; };
		1D6058910D05DD3D006BFB54 /* PlutoLand.app */ = {isa = PBXFileReference; explicitFileType = wrapper.application; includeInIndex = 0; path = PlutoLand.app; sourceTree = BUILT_PRODUCTS_DIR; };
		1DF5F4DF0D08C38300B7A737 /* UIKit.framework */ = {isa = PBXFileReference; lastKnownFileType = wrapper.framework; name = UIKit.framework; path = System/Library/Frameworks/UIKit.framework; sourceTree = SDKROOT; };
		288765FC0DF74451002DB57D /* CoreGraphics.framework */ = {isa = PBXFileReference; lastKnownFileType = wrapper.framework; name = CoreGraphics.framework; path = System/Library/Frameworks/CoreGraphics.framework; sourceTree = SDKROOT; };
		28AD733E0D9D9553002E5188 /* MainWindow.xib */ = {isa = PBXFileReference; lastKnownFileType = file.xib; path = MainWindow.xib; sourceTree = "<group>"; };
		29B97316FDCFA39411CA2CEA /* main.m */ = {isa = PBXFileReference; fileEncoding = 4; lastKnownFileType = sourcecode.c.objc; path = main.m; sourceTree = "<group>"; };
		32CA4F630368D1EE00C91783 /* PlutoLand_Prefix.pch */ = {isa = PBXFileReference; fileEncoding = 4; lastKnownFileType = sourcecode.c.h; path = PlutoLand_Prefix.pch; sourceTree = "<group>"; };
		713B273B11F81ACF00E2036D /* vendors.readme.mdown */ = {isa = PBXFileReference; fileEncoding = 4; lastKnownFileType = text; path = vendors.readme.mdown; sourceTree = "<group>"; };
		713B274711F81BB800E2036D /* UIView-ModalAnimationHelper.h */ = {isa = PBXFileReference; fileEncoding = 4; lastKnownFileType = sourcecode.c.h; path = "UIView-ModalAnimationHelper.h"; sourceTree = "<group>"; };
		713B274811F81BB800E2036D /* UIView-ModalAnimationHelper.m */ = {isa = PBXFileReference; fileEncoding = 4; lastKnownFileType = sourcecode.c.objc; path = "UIView-ModalAnimationHelper.m"; sourceTree = "<group>"; };
		713B274A11F81C5900E2036D /* UIViewAdditions.h */ = {isa = PBXFileReference; fileEncoding = 4; lastKnownFileType = sourcecode.c.h; path = UIViewAdditions.h; sourceTree = "<group>"; };
		713B274B11F81C5900E2036D /* UIViewAdditions.m */ = {isa = PBXFileReference; fileEncoding = 4; lastKnownFileType = sourcecode.c.objc; path = UIViewAdditions.m; sourceTree = "<group>"; };
		713B276411F8224300E2036D /* XFPageController.h */ = {isa = PBXFileReference; fileEncoding = 4; lastKnownFileType = sourcecode.c.h; path = XFPageController.h; sourceTree = "<group>"; };
		713B276511F8224300E2036D /* XFPageController.m */ = {isa = PBXFileReference; fileEncoding = 4; lastKnownFileType = sourcecode.c.objc; path = XFPageController.m; sourceTree = "<group>"; };
		713B276711F823BE00E2036D /* PLSegmentCell.h */ = {isa = PBXFileReference; fileEncoding = 4; lastKnownFileType = sourcecode.c.h; path = PLSegmentCell.h; sourceTree = "<group>"; };
		713B276811F823BE00E2036D /* PLSegmentCell.m */ = {isa = PBXFileReference; fileEncoding = 4; lastKnownFileType = sourcecode.c.objc; path = PLSegmentCell.m; sourceTree = "<group>"; };
		713B276C11F82C2800E2036D /* PLSegmentView.h */ = {isa = PBXFileReference; fileEncoding = 4; lastKnownFileType = sourcecode.c.h; path = PLSegmentView.h; sourceTree = "<group>"; };
		713B276D11F82C2800E2036D /* PLSegmentView.m */ = {isa = PBXFileReference; fileEncoding = 4; lastKnownFileType = sourcecode.c.objc; path = PLSegmentView.m; sourceTree = "<group>"; };
		713B277811F83C4800E2036D /* PLTabBarController.h */ = {isa = PBXFileReference; fileEncoding = 4; lastKnownFileType = sourcecode.c.h; path = PLTabBarController.h; sourceTree = "<group>"; };
		713B277911F83C4800E2036D /* PLTabBarController.m */ = {isa = PBXFileReference; fileEncoding = 4; lastKnownFileType = sourcecode.c.objc; path = PLTabBarController.m; sourceTree = "<group>"; };
		7157DCB111EEFDEB00E36675 /* PLImageRequest.h */ = {isa = PBXFileReference; fileEncoding = 4; lastKnownFileType = sourcecode.c.h; path = PLImageRequest.h; sourceTree = "<group>"; };
		7157DCB211EEFDEB00E36675 /* PLImageRequest.m */ = {isa = PBXFileReference; fileEncoding = 4; lastKnownFileType = sourcecode.c.objc; path = PLImageRequest.m; sourceTree = "<group>"; };
		7157DD6311EF301100E36675 /* PLHttpQueue.h */ = {isa = PBXFileReference; fileEncoding = 4; lastKnownFileType = sourcecode.c.h; path = PLHttpQueue.h; sourceTree = "<group>"; };
		7157DD6411EF301100E36675 /* PLHttpQueue.m */ = {isa = PBXFileReference; fileEncoding = 4; lastKnownFileType = sourcecode.c.objc; path = PLHttpQueue.m; sourceTree = "<group>"; };
		7157DD6E11EF3B9200E36675 /* PLImageCache.h */ = {isa = PBXFileReference; fileEncoding = 4; lastKnownFileType = sourcecode.c.h; path = PLImageCache.h; sourceTree = "<group>"; };
		7157DD6F11EF3B9200E36675 /* PLImageCache.m */ = {isa = PBXFileReference; fileEncoding = 4; lastKnownFileType = sourcecode.c.objc; path = PLImageCache.m; sourceTree = "<group>"; };
		7157DDBF11EF474500E36675 /* PLHttpClient.h */ = {isa = PBXFileReference; fileEncoding = 4; lastKnownFileType = sourcecode.c.h; path = PLHttpClient.h; sourceTree = "<group>"; };
		7157DDC011EF474500E36675 /* PLHttpClient.m */ = {isa = PBXFileReference; fileEncoding = 4; lastKnownFileType = sourcecode.c.objc; path = PLHttpClient.m; sourceTree = "<group>"; };
		7157DDC211EF47B100E36675 /* PLImageLoader.h */ = {isa = PBXFileReference; fileEncoding = 4; lastKnownFileType = sourcecode.c.h; path = PLImageLoader.h; sourceTree = "<group>"; };
		7157DDC311EF47B100E36675 /* PLImageLoader.m */ = {isa = PBXFileReference; fileEncoding = 4; lastKnownFileType = sourcecode.c.objc; path = PLImageLoader.m; sourceTree = "<group>"; };
		7157DDD211EF53A400E36675 /* UIImageView+Http.h */ = {isa = PBXFileReference; fileEncoding = 4; lastKnownFileType = sourcecode.c.h; path = "UIImageView+Http.h"; sourceTree = "<group>"; };
		7157DDD311EF53A400E36675 /* UIImageView+Http.m */ = {isa = PBXFileReference; fileEncoding = 4; lastKnownFileType = sourcecode.c.objc; path = "UIImageView+Http.m"; sourceTree = "<group>"; };
		71BCAD5611EFFF4500191293 /* ImageLoaderBasicVC.h */ = {isa = PBXFileReference; fileEncoding = 4; lastKnownFileType = sourcecode.c.h; path = ImageLoaderBasicVC.h; sourceTree = "<group>"; };
		71BCAD5711EFFF4500191293 /* ImageLoaderBasicVC.m */ = {isa = PBXFileReference; fileEncoding = 4; lastKnownFileType = sourcecode.c.objc; path = ImageLoaderBasicVC.m; sourceTree = "<group>"; };
		71BCAD5811EFFF4500191293 /* ImageLoaderBasicVC.xib */ = {isa = PBXFileReference; lastKnownFileType = file.xib; path = ImageLoaderBasicVC.xib; sourceTree = "<group>"; };
		71BCAD6011F000B800191293 /* notify_arrow.png */ = {isa = PBXFileReference; lastKnownFileType = image.png; path = notify_arrow.png; sourceTree = "<group>"; };
		71BCADD511F02CD700191293 /* T.h */ = {isa = PBXFileReference; fileEncoding = 4; lastKnownFileType = sourcecode.c.h; path = T.h; sourceTree = "<group>"; };
		71BCADD611F02CD700191293 /* T.m */ = {isa = PBXFileReference; fileEncoding = 4; lastKnownFileType = sourcecode.c.objc; path = T.m; sourceTree = "<group>"; };
		71BCAE1511F02F4F00191293 /* PLGlobal.h */ = {isa = PBXFileReference; fileEncoding = 4; lastKnownFileType = sourcecode.c.h; path = PLGlobal.h; sourceTree = "<group>"; };
		71BCAE1611F02F4F00191293 /* PLGlobal.m */ = {isa = PBXFileReference; fileEncoding = 4; lastKnownFileType = sourcecode.c.objc; path = PLGlobal.m; sourceTree = "<group>"; };
		71BCAE1E11F0307700191293 /* RootViewController.h */ = {isa = PBXFileReference; fileEncoding = 4; lastKnownFileType = sourcecode.c.h; path = RootViewController.h; sourceTree = "<group>"; };
		71BCAE1F11F0307700191293 /* RootViewController.m */ = {isa = PBXFileReference; fileEncoding = 4; lastKnownFileType = sourcecode.c.objc; path = RootViewController.m; sourceTree = "<group>"; };
		71BCAE2311F0386500191293 /* ImageLoaderSpecial.h */ = {isa = PBXFileReference; fileEncoding = 4; lastKnownFileType = sourcecode.c.h; path = ImageLoaderSpecial.h; sourceTree = "<group>"; };
		71BCAE2411F0386500191293 /* ImageLoaderSpecial.m */ = {isa = PBXFileReference; fileEncoding = 4; lastKnownFileType = sourcecode.c.objc; path = ImageLoaderSpecial.m; sourceTree = "<group>"; };
		71BCAEAD11F06AF500191293 /* placeHolder.png */ = {isa = PBXFileReference; lastKnownFileType = image.png; path = placeHolder.png; sourceTree = "<group>"; };
		8C1F4CC811F85AF700FEF83E /* nav1_1.png */ = {isa = PBXFileReference; lastKnownFileType = image.png; path = nav1_1.png; sourceTree = "<group>"; };
		8C1F4CC911F85AF700FEF83E /* nav1.png */ = {isa = PBXFileReference; lastKnownFileType = image.png; path = nav1.png; sourceTree = "<group>"; };
		8C1F4CCA11F85AF700FEF83E /* nav2_1.png */ = {isa = PBXFileReference; lastKnownFileType = image.png; path = nav2_1.png; sourceTree = "<group>"; };
		8C1F4CCB11F85AF700FEF83E /* nav2.png */ = {isa = PBXFileReference; lastKnownFileType = image.png; path = nav2.png; sourceTree = "<group>"; };
		8C1F4CCC11F85AF700FEF83E /* nav3_1.png */ = {isa = PBXFileReference; lastKnownFileType = image.png; path = nav3_1.png; sourceTree = "<group>"; };
		8C1F4CCD11F85AF700FEF83E /* nav3.png */ = {isa = PBXFileReference; lastKnownFileType = image.png; path = nav3.png; sourceTree = "<group>"; };
		8C1F4CCE11F85AF700FEF83E /* nav4_1.png */ = {isa = PBXFileReference; lastKnownFileType = image.png; path = nav4_1.png; sourceTree = "<group>"; };
		8C1F4CCF11F85AF700FEF83E /* nav4.png */ = {isa = PBXFileReference; lastKnownFileType = image.png; path = nav4.png; sourceTree = "<group>"; };
		8C1F4CD911F85B5100FEF83E /* SegmentDemoViewController.h */ = {isa = PBXFileReference; fileEncoding = 4; lastKnownFileType = sourcecode.c.h; path = SegmentDemoViewController.h; sourceTree = "<group>"; };
		8C1F4CDA11F85B5100FEF83E /* SegmentDemoViewController.m */ = {isa = PBXFileReference; fileEncoding = 4; lastKnownFileType = sourcecode.c.objc; path = SegmentDemoViewController.m; sourceTree = "<group>"; };
		8C1F4D3211F86B7300FEF83E /* TabBarVCDemoViewController.h */ = {isa = PBXFileReference; fileEncoding = 4; lastKnownFileType = sourcecode.c.h; path = TabBarVCDemoViewController.h; sourceTree = "<group>"; };
		8C1F4D3311F86B7300FEF83E /* TabBarVCDemoViewController.m */ = {isa = PBXFileReference; fileEncoding = 4; lastKnownFileType = sourcecode.c.objc; path = TabBarVCDemoViewController.m; sourceTree = "<group>"; };
		8CD6583111F04D28009D906E /* AppRecord.h */ = {isa = PBXFileReference; fileEncoding = 4; lastKnownFileType = sourcecode.c.h; path = AppRecord.h; sourceTree = "<group>"; };
		8CD6583211F04D28009D906E /* AppRecord.m */ = {isa = PBXFileReference; fileEncoding = 4; lastKnownFileType = sourcecode.c.objc; path = AppRecord.m; sourceTree = "<group>"; };
		8CD6583311F04D28009D906E /* ParseOperation.h */ = {isa = PBXFileReference; fileEncoding = 4; lastKnownFileType = sourcecode.c.h; path = ParseOperation.h; sourceTree = "<group>"; };
		8CD6583411F04D28009D906E /* ParseOperation.m */ = {isa = PBXFileReference; fileEncoding = 4; lastKnownFileType = sourcecode.c.objc; path = ParseOperation.m; sourceTree = "<group>"; };
		8CD6B4FF1209057000768A70 /* PlutoLand.h */ = {isa = PBXFileReference; fileEncoding = 4; lastKnownFileType = sourcecode.c.h; path = PlutoLand.h; sourceTree = "<group>"; };
		8D1107310486CEB800E47090 /* PlutoLand-Info.plist */ = {isa = PBXFileReference; fileEncoding = 4; lastKnownFileType = text.plist.xml; path = "PlutoLand-Info.plist"; plistStructureDefinitionIdentifier = "com.apple.xcode.plist.structure-definition.iphone.info-plist"; sourceTree = "<group>"; };
/* End PBXFileReference section */

/* Begin PBXFrameworksBuildPhase section */
		1D60588F0D05DD3D006BFB54 /* Frameworks */ = {
			isa = PBXFrameworksBuildPhase;
			buildActionMask = 2147483647;
			files = (
				1D60589F0D05DD5A006BFB54 /* Foundation.framework in Frameworks */,
				1DF5F4E00D08C38300B7A737 /* UIKit.framework in Frameworks */,
				288765FD0DF74451002DB57D /* CoreGraphics.framework in Frameworks */,
			);
			runOnlyForDeploymentPostprocessing = 0;
		};
/* End PBXFrameworksBuildPhase section */

/* Begin PBXGroup section */
		080E96DDFE201D6D7F000001 /* Classes */ = {
			isa = PBXGroup;
			children = (
				8C1F4CD811F85B0C00FEF83E /* Segment View */,
				71BCAEAA11F068D700191293 /* image loader */,
				71BCAEA911F068B900191293 /* AppDelegate */,
			);
			path = Classes;
			sourceTree = "<group>";
		};
		19C28FACFE9D520D11CA2CBB /* Products */ = {
			isa = PBXGroup;
			children = (
				1D6058910D05DD3D006BFB54 /* PlutoLand.app */,
			);
			name = Products;
			sourceTree = "<group>";
		};
		29B97314FDCFA39411CA2CEA /* CustomTemplate */ = {
			isa = PBXGroup;
			children = (
				7157DD6211EF2FB800E36675 /* PlutoLand */,
				080E96DDFE201D6D7F000001 /* Classes */,
				29B97315FDCFA39411CA2CEA /* Other Sources */,
				29B97317FDCFA39411CA2CEA /* Resources */,
				29B97323FDCFA39411CA2CEA /* Frameworks */,
				19C28FACFE9D520D11CA2CBB /* Products */,
			);
			name = CustomTemplate;
			sourceTree = "<group>";
		};
		29B97315FDCFA39411CA2CEA /* Other Sources */ = {
			isa = PBXGroup;
			children = (
				32CA4F630368D1EE00C91783 /* PlutoLand_Prefix.pch */,
				29B97316FDCFA39411CA2CEA /* main.m */,
			);
			name = "Other Sources";
			sourceTree = "<group>";
		};
		29B97317FDCFA39411CA2CEA /* Resources */ = {
			isa = PBXGroup;
			children = (
				8C1F4CC511F85AE800FEF83E /* tabBarItems */,
				71BCAEAD11F06AF500191293 /* placeHolder.png */,
				71BCAD6011F000B800191293 /* notify_arrow.png */,
				28AD733E0D9D9553002E5188 /* MainWindow.xib */,
				8D1107310486CEB800E47090 /* PlutoLand-Info.plist */,
			);
			name = Resources;
			sourceTree = "<group>";
		};
		29B97323FDCFA39411CA2CEA /* Frameworks */ = {
			isa = PBXGroup;
			children = (
				1DF5F4DF0D08C38300B7A737 /* UIKit.framework */,
				1D30AB110D05D00D00671497 /* Foundation.framework */,
				288765FC0DF74451002DB57D /* CoreGraphics.framework */,
			);
			name = Frameworks;
			sourceTree = "<group>";
		};
		713B271811F818D500E2036D /* UI */ = {
			isa = PBXGroup;
			children = (
				713B276411F8224300E2036D /* XFPageController.h */,
				713B276511F8224300E2036D /* XFPageController.m */,
				713B276711F823BE00E2036D /* PLSegmentCell.h */,
				713B276811F823BE00E2036D /* PLSegmentCell.m */,
				713B276C11F82C2800E2036D /* PLSegmentView.h */,
				713B276D11F82C2800E2036D /* PLSegmentView.m */,
				713B277811F83C4800E2036D /* PLTabBarController.h */,
				713B277911F83C4800E2036D /* PLTabBarController.m */,
			);
			name = UI;
			sourceTree = "<group>";
		};
		713B273A11F81A8400E2036D /* Vendor */ = {
			isa = PBXGroup;
			children = (
				713B274A11F81C5900E2036D /* UIViewAdditions.h */,
				713B274B11F81C5900E2036D /* UIViewAdditions.m */,
				713B274711F81BB800E2036D /* UIView-ModalAnimationHelper.h */,
				713B274811F81BB800E2036D /* UIView-ModalAnimationHelper.m */,
				713B273B11F81ACF00E2036D /* vendors.readme.mdown */,
			);
			name = Vendor;
			sourceTree = "<group>";
		};
		7157DCB011EEFDCD00E36675 /* HttpClient */ = {
			isa = PBXGroup;
			children = (
				7157DD6311EF301100E36675 /* PLHttpQueue.h */,
				7157DD6411EF301100E36675 /* PLHttpQueue.m */,
				7157DCB111EEFDEB00E36675 /* PLImageRequest.h */,
				7157DCB211EEFDEB00E36675 /* PLImageRequest.m */,
				7157DD6E11EF3B9200E36675 /* PLImageCache.h */,
				7157DD6F11EF3B9200E36675 /* PLImageCache.m */,
				7157DDBF11EF474500E36675 /* PLHttpClient.h */,
				7157DDC011EF474500E36675 /* PLHttpClient.m */,
				7157DDC211EF47B100E36675 /* PLImageLoader.h */,
				7157DDC311EF47B100E36675 /* PLImageLoader.m */,
				7157DDD211EF53A400E36675 /* UIImageView+Http.h */,
				7157DDD311EF53A400E36675 /* UIImageView+Http.m */,
			);
			name = HttpClient;
			sourceTree = "<group>";
		};
		7157DD6211EF2FB800E36675 /* PlutoLand */ = {
			isa = PBXGroup;
			children = (
				713B273A11F81A8400E2036D /* Vendor */,
				713B271811F818D500E2036D /* UI */,
				7157DCB011EEFDCD00E36675 /* HttpClient */,
				71BCADD411F02CB900191293 /* Global */,
			);
			name = PlutoLand;
			sourceTree = "<group>";
		};
		71BCADD411F02CB900191293 /* Global */ = {
			isa = PBXGroup;
			children = (
				8CD6B4FF1209057000768A70 /* PlutoLand.h */,
				71BCADD511F02CD700191293 /* T.h */,
				71BCADD611F02CD700191293 /* T.m */,
				71BCAE1511F02F4F00191293 /* PLGlobal.h */,
				71BCAE1611F02F4F00191293 /* PLGlobal.m */,
			);
			name = Global;
			sourceTree = "<group>";
		};
		71BCAEA911F068B900191293 /* AppDelegate */ = {
			isa = PBXGroup;
			children = (
				1D3623240D0F684500981E51 /* PlutoLandAppDelegate.h */,
				1D3623250D0F684500981E51 /* PlutoLandAppDelegate.m */,
				71BCAE1E11F0307700191293 /* RootViewController.h */,
				71BCAE1F11F0307700191293 /* RootViewController.m */,
			);
			name = AppDelegate;
			sourceTree = "<group>";
		};
		71BCAEAA11F068D700191293 /* image loader */ = {
			isa = PBXGroup;
			children = (
				8CD6582311F04B46009D906E /* LazyTableImages */,
				71BCAD5611EFFF4500191293 /* ImageLoaderBasicVC.h */,
				71BCAD5711EFFF4500191293 /* ImageLoaderBasicVC.m */,
				71BCAD5811EFFF4500191293 /* ImageLoaderBasicVC.xib */,
				71BCAE2311F0386500191293 /* ImageLoaderSpecial.h */,
				71BCAE2411F0386500191293 /* ImageLoaderSpecial.m */,
			);
			name = "image loader";
			sourceTree = "<group>";
		};
		8C1F4CC511F85AE800FEF83E /* tabBarItems */ = {
			isa = PBXGroup;
			children = (
				8C1F4CC811F85AF700FEF83E /* nav1_1.png */,
				8C1F4CC911F85AF700FEF83E /* nav1.png */,
				8C1F4CCA11F85AF700FEF83E /* nav2_1.png */,
				8C1F4CCB11F85AF700FEF83E /* nav2.png */,
				8C1F4CCC11F85AF700FEF83E /* nav3_1.png */,
				8C1F4CCD11F85AF700FEF83E /* nav3.png */,
				8C1F4CCE11F85AF700FEF83E /* nav4_1.png */,
				8C1F4CCF11F85AF700FEF83E /* nav4.png */,
			);
			name = tabBarItems;
			sourceTree = "<group>";
		};
		8C1F4CD811F85B0C00FEF83E /* Segment View */ = {
			isa = PBXGroup;
			children = (
				8C1F4CD911F85B5100FEF83E /* SegmentDemoViewController.h */,
				8C1F4CDA11F85B5100FEF83E /* SegmentDemoViewController.m */,
				8C1F4D3211F86B7300FEF83E /* TabBarVCDemoViewController.h */,
				8C1F4D3311F86B7300FEF83E /* TabBarVCDemoViewController.m */,
			);
			name = "Segment View";
			sourceTree = "<group>";
		};
		8CD6582311F04B46009D906E /* LazyTableImages */ = {
			isa = PBXGroup;
			children = (
				8CD6583111F04D28009D906E /* AppRecord.h */,
				8CD6583211F04D28009D906E /* AppRecord.m */,
				8CD6583311F04D28009D906E /* ParseOperation.h */,
				8CD6583411F04D28009D906E /* ParseOperation.m */,
			);
			name = LazyTableImages;
			sourceTree = "<group>";
		};
/* End PBXGroup section */

/* Begin PBXNativeTarget section */
		1D6058900D05DD3D006BFB54 /* PlutoLand */ = {
			isa = PBXNativeTarget;
			buildConfigurationList = 1D6058960D05DD3E006BFB54 /* Build configuration list for PBXNativeTarget "PlutoLand" */;
			buildPhases = (
				1D60588D0D05DD3D006BFB54 /* Resources */,
				1D60588E0D05DD3D006BFB54 /* Sources */,
				1D60588F0D05DD3D006BFB54 /* Frameworks */,
			);
			buildRules = (
			);
			dependencies = (
			);
			name = PlutoLand;
			productName = PlutoLand;
			productReference = 1D6058910D05DD3D006BFB54 /* PlutoLand.app */;
			productType = "com.apple.product-type.application";
		};
/* End PBXNativeTarget section */

/* Begin PBXProject section */
		29B97313FDCFA39411CA2CEA /* Project object */ = {
			isa = PBXProject;
			buildConfigurationList = C01FCF4E08A954540054247B /* Build configuration list for PBXProject "PlutoLand" */;
			compatibilityVersion = "Xcode 3.1";
			developmentRegion = English;
			hasScannedForEncodings = 1;
			knownRegions = (
				English,
				Japanese,
				French,
				German,
			);
			mainGroup = 29B97314FDCFA39411CA2CEA /* CustomTemplate */;
			projectDirPath = "";
			projectRoot = "";
			targets = (
				1D6058900D05DD3D006BFB54 /* PlutoLand */,
			);
		};
/* End PBXProject section */

/* Begin PBXResourcesBuildPhase section */
		1D60588D0D05DD3D006BFB54 /* Resources */ = {
			isa = PBXResourcesBuildPhase;
			buildActionMask = 2147483647;
			files = (
				28AD733F0D9D9553002E5188 /* MainWindow.xib in Resources */,
				71BCAD5A11EFFF4500191293 /* ImageLoaderBasicVC.xib in Resources */,
				71BCAD6111F000B800191293 /* notify_arrow.png in Resources */,
				71BCAEAE11F06AF500191293 /* placeHolder.png in Resources */,
				8C1F4CD011F85AF700FEF83E /* nav1_1.png in Resources */,
				8C1F4CD111F85AF700FEF83E /* nav1.png in Resources */,
				8C1F4CD211F85AF700FEF83E /* nav2_1.png in Resources */,
				8C1F4CD311F85AF700FEF83E /* nav2.png in Resources */,
				8C1F4CD411F85AF700FEF83E /* nav3_1.png in Resources */,
				8C1F4CD511F85AF700FEF83E /* nav3.png in Resources */,
				8C1F4CD611F85AF700FEF83E /* nav4_1.png in Resources */,
				8C1F4CD711F85AF700FEF83E /* nav4.png in Resources */,
			);
			runOnlyForDeploymentPostprocessing = 0;
		};
/* End PBXResourcesBuildPhase section */

/* Begin PBXSourcesBuildPhase section */
		1D60588E0D05DD3D006BFB54 /* Sources */ = {
			isa = PBXSourcesBuildPhase;
			buildActionMask = 2147483647;
			files = (
				1D60589B0D05DD56006BFB54 /* main.m in Sources */,
				1D3623260D0F684500981E51 /* PlutoLandAppDelegate.m in Sources */,
				7157DCB311EEFDEB00E36675 /* PLImageRequest.m in Sources */,
				7157DD6511EF301100E36675 /* PLHttpQueue.m in Sources */,
				7157DD7011EF3B9200E36675 /* PLImageCache.m in Sources */,
				7157DDC111EF474500E36675 /* PLHttpClient.m in Sources */,
				7157DDC411EF47B100E36675 /* PLImageLoader.m in Sources */,
				7157DDD411EF53A400E36675 /* UIImageView+Http.m in Sources */,
				71BCAD5911EFFF4500191293 /* ImageLoaderBasicVC.m in Sources */,
				71BCADD711F02CD700191293 /* T.m in Sources */,
				71BCAE1711F02F4F00191293 /* PLGlobal.m in Sources */,
				71BCAE2011F0307700191293 /* RootViewController.m in Sources */,
				71BCAE2511F0386500191293 /* ImageLoaderSpecial.m in Sources */,
				8CD6583511F04D28009D906E /* AppRecord.m in Sources */,
				8CD6583611F04D28009D906E /* ParseOperation.m in Sources */,
				713B274911F81BB800E2036D /* UIView-ModalAnimationHelper.m in Sources */,
				713B274C11F81C5900E2036D /* UIViewAdditions.m in Sources */,
				713B276611F8224300E2036D /* XFPageController.m in Sources */,
				713B276911F823BE00E2036D /* PLSegmentCell.m in Sources */,
				713B276E11F82C2800E2036D /* PLSegmentView.m in Sources */,
				713B277A11F83C4800E2036D /* PLTabBarController.m in Sources */,
				8C1F4CDB11F85B5100FEF83E /* SegmentDemoViewController.m in Sources */,
				8C1F4D3411F86B7300FEF83E /* TabBarVCDemoViewController.m in Sources */,
			);
			runOnlyForDeploymentPostprocessing = 0;
		};
/* End PBXSourcesBuildPhase section */

/* Begin XCBuildConfiguration section */
		1D6058940D05DD3E006BFB54 /* Debug */ = {
			isa = XCBuildConfiguration;
			buildSettings = {
				ALWAYS_SEARCH_USER_PATHS = NO;
				COPY_PHASE_STRIP = NO;
				GCC_DYNAMIC_NO_PIC = NO;
				GCC_OPTIMIZATION_LEVEL = 0;
				GCC_PRECOMPILE_PREFIX_HEADER = YES;
				GCC_PREFIX_HEADER = PlutoLand_Prefix.pch;
				INFOPLIST_FILE = "PlutoLand-Info.plist";
				PRODUCT_NAME = PlutoLand;
			};
			name = Debug;
		};
		1D6058950D05DD3E006BFB54 /* Release */ = {
			isa = XCBuildConfiguration;
			buildSettings = {
				ALWAYS_SEARCH_USER_PATHS = NO;
				COPY_PHASE_STRIP = YES;
				GCC_PRECOMPILE_PREFIX_HEADER = YES;
				GCC_PREFIX_HEADER = PlutoLand_Prefix.pch;
				INFOPLIST_FILE = "PlutoLand-Info.plist";
				PRODUCT_NAME = PlutoLand;
				VALIDATE_PRODUCT = YES;
			};
			name = Release;
		};
		C01FCF4F08A954540054247B /* Debug */ = {
			isa = XCBuildConfiguration;
			buildSettings = {
				ARCHS = "$(ARCHS_STANDARD_32_BIT)";
				"CODE_SIGN_IDENTITY[sdk=iphoneos*]" = "iPhone Developer";
				GCC_C_LANGUAGE_STANDARD = c99;
				GCC_WARN_ABOUT_RETURN_TYPE = YES;
				GCC_WARN_UNUSED_VARIABLE = YES;
				PREBINDING = NO;
				SDKROOT = iphonesimulator4.1;
			};
			name = Debug;
		};
		C01FCF5008A954540054247B /* Release */ = {
			isa = XCBuildConfiguration;
			buildSettings = {
				ARCHS = "$(ARCHS_STANDARD_32_BIT)";
				"CODE_SIGN_IDENTITY[sdk=iphoneos*]" = "iPhone Developer";
				GCC_C_LANGUAGE_STANDARD = c99;
				GCC_WARN_ABOUT_RETURN_TYPE = YES;
				GCC_WARN_UNUSED_VARIABLE = YES;
				OTHER_CFLAGS = "-DNS_BLOCK_ASSERTIONS=1";
				PREBINDING = NO;
				SDKROOT = iphonesimulator4.1;
			};
			name = Release;
		};
/* End XCBuildConfiguration section */

/* Begin XCConfigurationList section */
		1D6058960D05DD3E006BFB54 /* Build configuration list for PBXNativeTarget "PlutoLand" */ = {
			isa = XCConfigurationList;
			buildConfigurations = (
				1D6058940D05DD3E006BFB54 /* Debug */,
				1D6058950D05DD3E006BFB54 /* Release */,
			);
			defaultConfigurationIsVisible = 0;
			defaultConfigurationName = Release;
		};
		C01FCF4E08A954540054247B /* Build configuration list for PBXProject "PlutoLand" */ = {
			isa = XCConfigurationList;
			buildConfigurations = (
				C01FCF4F08A954540054247B /* Debug */,
				C01FCF5008A954540054247B /* Release */,
			);
			defaultConfigurationIsVisible = 0;
			defaultConfigurationName = Release;
		};
/* End XCConfigurationList section */
	};
	rootObject = 29B97313FDCFA39411CA2CEA /* Project object */;
}
