// !$*UTF8*$!
{
	archiveVersion = 1;
	classes = {
	};
	objectVersion = 45;
	objects = {

/* Begin PBXBuildFile section */
		1D3623260D0F684500981E51 /* PlutoLandAppDelegate.m in Sources */ = {isa = PBXBuildFile; fileRef = 1D3623250D0F684500981E51 /* PlutoLandAppDelegate.m */; };
		1D60589B0D05DD56006BFB54 /* main.m in Sources */ = {isa = PBXBuildFile; fileRef = 29B97316FDCFA39411CA2CEA /* main.m */; };
		1D60589F0D05DD5A006BFB54 /* Foundation.framework in Frameworks */ = {isa = PBXBuildFile; fileRef = 1D30AB110D05D00D00671497 /* Foundation.framework */; };
		1DF5F4E00D08C38300B7A737 /* UIKit.framework in Frameworks */ = {isa = PBXBuildFile; fileRef = 1DF5F4DF0D08C38300B7A737 /* UIKit.framework */; };
		288765FD0DF74451002DB57D /* CoreGraphics.framework in Frameworks */ = {isa = PBXBuildFile; fileRef = 288765FC0DF74451002DB57D /* CoreGraphics.framework */; };
		71BCAD5911EFFF4500191293 /* ImageLoaderBasicVC.m in Sources */ = {isa = PBXBuildFile; fileRef = 71BCAD5711EFFF4500191293 /* ImageLoaderBasicVC.m */; };
		71BCAD5A11EFFF4500191293 /* ImageLoaderBasicVC.xib in Resources */ = {isa = PBXBuildFile; fileRef = 71BCAD5811EFFF4500191293 /* ImageLoaderBasicVC.xib */; };
		71BCAE2011F0307700191293 /* RootViewController.m in Sources */ = {isa = PBXBuildFile; fileRef = 71BCAE1F11F0307700191293 /* RootViewController.m */; };
		71BCAE2511F0386500191293 /* ImageLoaderSpecial.m in Sources */ = {isa = PBXBuildFile; fileRef = 71BCAE2411F0386500191293 /* ImageLoaderSpecial.m */; };
		8C1F4CDB11F85B5100FEF83E /* SegmentDemoViewController.m in Sources */ = {isa = PBXBuildFile; fileRef = 8C1F4CDA11F85B5100FEF83E /* SegmentDemoViewController.m */; };
		8C1F4D3411F86B7300FEF83E /* TabBarVCDemoViewController.m in Sources */ = {isa = PBXBuildFile; fileRef = 8C1F4D3311F86B7300FEF83E /* TabBarVCDemoViewController.m */; };
		8C82585C1262F4470078E094 /* QuartzCore.framework in Frameworks */ = {isa = PBXBuildFile; fileRef = 8C82585B1262F4470078E094 /* QuartzCore.framework */; };
		8C82588A1262F9FE0078E094 /* SettingViewController.m in Sources */ = {isa = PBXBuildFile; fileRef = 8C8258881262F9FE0078E094 /* SettingViewController.m */; };
		8C82588B1262F9FE0078E094 /* SettingViewController.xib in Resources */ = {isa = PBXBuildFile; fileRef = 8C8258891262F9FE0078E094 /* SettingViewController.xib */; };
		8C82588E1262FA1E0078E094 /* SettingTestCase.m in Sources */ = {isa = PBXBuildFile; fileRef = 8C82588D1262FA1E0078E094 /* SettingTestCase.m */; };
		8CD6583511F04D28009D906E /* AppRecord.m in Sources */ = {isa = PBXBuildFile; fileRef = 8CD6583211F04D28009D906E /* AppRecord.m */; };
		8CD6583611F04D28009D906E /* ParseOperation.m in Sources */ = {isa = PBXBuildFile; fileRef = 8CD6583411F04D28009D906E /* ParseOperation.m */; };
		CA41BD5B143B616600D3E9AE /* NSDictionary+NonNull.m in Sources */ = {isa = PBXBuildFile; fileRef = CA41BD21143B616600D3E9AE /* NSDictionary+NonNull.m */; };
		CA41BD5C143B616600D3E9AE /* NSDictionary+URL.m in Sources */ = {isa = PBXBuildFile; fileRef = CA41BD23143B616600D3E9AE /* NSDictionary+URL.m */; };
		CA41BD5D143B616600D3E9AE /* NSString+Addition.m in Sources */ = {isa = PBXBuildFile; fileRef = CA41BD25143B616600D3E9AE /* NSString+Addition.m */; };
		CA41BD5E143B616600D3E9AE /* UIDevice+PL.m in Sources */ = {isa = PBXBuildFile; fileRef = CA41BD28143B616600D3E9AE /* UIDevice+PL.m */; };
		CA41BD5F143B616600D3E9AE /* UIImage+PL.m in Sources */ = {isa = PBXBuildFile; fileRef = CA41BD2A143B616600D3E9AE /* UIImage+PL.m */; };
		CA41BD60143B616600D3E9AE /* UIImageExtras.m in Sources */ = {isa = PBXBuildFile; fileRef = CA41BD2C143B616600D3E9AE /* UIImageExtras.m */; };
		CA41BD61143B616600D3E9AE /* UIView-ModalAnimationHelper.m in Sources */ = {isa = PBXBuildFile; fileRef = CA41BD2E143B616600D3E9AE /* UIView-ModalAnimationHelper.m */; };
		CA41BD62143B616600D3E9AE /* UIViewAdditions.m in Sources */ = {isa = PBXBuildFile; fileRef = CA41BD30143B616600D3E9AE /* UIViewAdditions.m */; };
		CA41BD63143B616600D3E9AE /* PLGlobal.m in Sources */ = {isa = PBXBuildFile; fileRef = CA41BD34143B616600D3E9AE /* PLGlobal.m */; };
		CA41BD64143B616600D3E9AE /* PLOG.m in Sources */ = {isa = PBXBuildFile; fileRef = CA41BD36143B616600D3E9AE /* PLOG.m */; };
		CA41BD65143B616600D3E9AE /* PLSettings.m in Sources */ = {isa = PBXBuildFile; fileRef = CA41BD38143B616600D3E9AE /* PLSettings.m */; };
		CA41BD66143B616600D3E9AE /* T.m in Sources */ = {isa = PBXBuildFile; fileRef = CA41BD3B143B616600D3E9AE /* T.m */; };
		CA41BD67143B616600D3E9AE /* PLHttpClient.m in Sources */ = {isa = PBXBuildFile; fileRef = CA41BD3E143B616600D3E9AE /* PLHttpClient.m */; };
		CA41BD68143B616600D3E9AE /* PLHttpConfig.m in Sources */ = {isa = PBXBuildFile; fileRef = CA41BD40143B616600D3E9AE /* PLHttpConfig.m */; };
		CA41BD69143B616600D3E9AE /* PLHttpQueue.m in Sources */ = {isa = PBXBuildFile; fileRef = CA41BD42143B616600D3E9AE /* PLHttpQueue.m */; };
		CA41BD6A143B616600D3E9AE /* PLImageCache.m in Sources */ = {isa = PBXBuildFile; fileRef = CA41BD44143B616600D3E9AE /* PLImageCache.m */; };
		CA41BD6B143B616600D3E9AE /* PLImageLoader.m in Sources */ = {isa = PBXBuildFile; fileRef = CA41BD46143B616600D3E9AE /* PLImageLoader.m */; };
		CA41BD6C143B616600D3E9AE /* PLImageRequest.m in Sources */ = {isa = PBXBuildFile; fileRef = CA41BD48143B616600D3E9AE /* PLImageRequest.m */; };
		CA41BD6D143B616600D3E9AE /* UIImageView+Http.m in Sources */ = {isa = PBXBuildFile; fileRef = CA41BD4A143B616600D3E9AE /* UIImageView+Http.m */; };
		CA41BD6E143B616600D3E9AE /* TODO.mdown in Resources */ = {isa = PBXBuildFile; fileRef = CA41BD4B143B616600D3E9AE /* TODO.mdown */; };
		CA41BD6F143B616600D3E9AE /* PLProgressBar.m in Sources */ = {isa = PBXBuildFile; fileRef = CA41BD4E143B616600D3E9AE /* PLProgressBar.m */; };
		CA41BD70143B616600D3E9AE /* PLSegmentCell.m in Sources */ = {isa = PBXBuildFile; fileRef = CA41BD50143B616600D3E9AE /* PLSegmentCell.m */; };
		CA41BD71143B616600D3E9AE /* PLSegmentView.m in Sources */ = {isa = PBXBuildFile; fileRef = CA41BD52143B616600D3E9AE /* PLSegmentView.m */; };
		CA41BD72143B616600D3E9AE /* PLSwipeableTableView.m in Sources */ = {isa = PBXBuildFile; fileRef = CA41BD54143B616600D3E9AE /* PLSwipeableTableView.m */; };
		CA41BD73143B616600D3E9AE /* PLSwipeableTableViewCell.m in Sources */ = {isa = PBXBuildFile; fileRef = CA41BD56143B616600D3E9AE /* PLSwipeableTableViewCell.m */; };
		CA41BD74143B616600D3E9AE /* PLTabBarController.m in Sources */ = {isa = PBXBuildFile; fileRef = CA41BD58143B616600D3E9AE /* PLTabBarController.m */; };
		CA41BD75143B616600D3E9AE /* XFPageController.m in Sources */ = {isa = PBXBuildFile; fileRef = CA41BD5A143B616600D3E9AE /* XFPageController.m */; };
		CA41BD77143B61AE00D3E9AE /* AudioToolbox.framework in Frameworks */ = {isa = PBXBuildFile; fileRef = CA41BD76143B61AE00D3E9AE /* AudioToolbox.framework */; };
		CA41BD8A143B634500D3E9AE /* MainWindow.xib in Resources */ = {isa = PBXBuildFile; fileRef = CA41BD7E143B634500D3E9AE /* MainWindow.xib */; };
		CA41BD8B143B634500D3E9AE /* nav1.png in Resources */ = {isa = PBXBuildFile; fileRef = CA41BD7F143B634500D3E9AE /* nav1.png */; };
		CA41BD8C143B634500D3E9AE /* nav1_1.png in Resources */ = {isa = PBXBuildFile; fileRef = CA41BD80143B634500D3E9AE /* nav1_1.png */; };
		CA41BD8D143B634500D3E9AE /* nav2.png in Resources */ = {isa = PBXBuildFile; fileRef = CA41BD81143B634500D3E9AE /* nav2.png */; };
		CA41BD8E143B634500D3E9AE /* nav2_1.png in Resources */ = {isa = PBXBuildFile; fileRef = CA41BD82143B634500D3E9AE /* nav2_1.png */; };
		CA41BD8F143B634500D3E9AE /* nav3.png in Resources */ = {isa = PBXBuildFile; fileRef = CA41BD83143B634500D3E9AE /* nav3.png */; };
		CA41BD90143B634500D3E9AE /* nav3_1.png in Resources */ = {isa = PBXBuildFile; fileRef = CA41BD84143B634500D3E9AE /* nav3_1.png */; };
		CA41BD91143B634500D3E9AE /* nav4.png in Resources */ = {isa = PBXBuildFile; fileRef = CA41BD85143B634500D3E9AE /* nav4.png */; };
		CA41BD92143B634500D3E9AE /* nav4_1.png in Resources */ = {isa = PBXBuildFile; fileRef = CA41BD86143B634500D3E9AE /* nav4_1.png */; };
		CA41BD93143B634500D3E9AE /* notify_arrow.png in Resources */ = {isa = PBXBuildFile; fileRef = CA41BD87143B634500D3E9AE /* notify_arrow.png */; };
		CA41BD94143B634500D3E9AE /* placeHolder.png in Resources */ = {isa = PBXBuildFile; fileRef = CA41BD88143B634500D3E9AE /* placeHolder.png */; };
		CA41BD97143B637D00D3E9AE /* PlutoLand-Info.plist in Resources */ = {isa = PBXBuildFile; fileRef = CA41BD96143B637D00D3E9AE /* PlutoLand-Info.plist */; };
		CA43DDE3149B275400A161B4 /* PLHash.m in Sources */ = {isa = PBXBuildFile; fileRef = CA43DDE2149B275400A161B4 /* PLHash.m */; };
/* End PBXBuildFile section */

/* Begin PBXFileReference section */
		1D30AB110D05D00D00671497 /* Foundation.framework */ = {isa = PBXFileReference; lastKnownFileType = wrapper.framework; name = Foundation.framework; path = System/Library/Frameworks/Foundation.framework; sourceTree = SDKROOT; };
		1D3623240D0F684500981E51 /* PlutoLandAppDelegate.h */ = {isa = PBXFileReference; fileEncoding = 4; lastKnownFileType = sourcecode.c.h; path = PlutoLandAppDelegate.h; sourceTree = "<group>"; };
		1D3623250D0F684500981E51 /* PlutoLandAppDelegate.m */ = {isa = PBXFileReference; fileEncoding = 4; lastKnownFileType = sourcecode.c.objc; path = PlutoLandAppDelegate.m; sourceTree = "<group>"; };
		1D6058910D05DD3D006BFB54 /* PlutoLand.app */ = {isa = PBXFileReference; explicitFileType = wrapper.application; includeInIndex = 0; path = PlutoLand.app; sourceTree = BUILT_PRODUCTS_DIR; };
		1DF5F4DF0D08C38300B7A737 /* UIKit.framework */ = {isa = PBXFileReference; lastKnownFileType = wrapper.framework; name = UIKit.framework; path = System/Library/Frameworks/UIKit.framework; sourceTree = SDKROOT; };
		288765FC0DF74451002DB57D /* CoreGraphics.framework */ = {isa = PBXFileReference; lastKnownFileType = wrapper.framework; name = CoreGraphics.framework; path = System/Library/Frameworks/CoreGraphics.framework; sourceTree = SDKROOT; };
		29B97316FDCFA39411CA2CEA /* main.m */ = {isa = PBXFileReference; fileEncoding = 4; lastKnownFileType = sourcecode.c.objc; path = main.m; sourceTree = "<group>"; };
		32CA4F630368D1EE00C91783 /* PlutoLand_Prefix.pch */ = {isa = PBXFileReference; fileEncoding = 4; lastKnownFileType = sourcecode.c.h; path = PlutoLand_Prefix.pch; sourceTree = "<group>"; };
		71BCAD5611EFFF4500191293 /* ImageLoaderBasicVC.h */ = {isa = PBXFileReference; fileEncoding = 4; lastKnownFileType = sourcecode.c.h; path = ImageLoaderBasicVC.h; sourceTree = "<group>"; };
		71BCAD5711EFFF4500191293 /* ImageLoaderBasicVC.m */ = {isa = PBXFileReference; fileEncoding = 4; lastKnownFileType = sourcecode.c.objc; path = ImageLoaderBasicVC.m; sourceTree = "<group>"; };
		71BCAD5811EFFF4500191293 /* ImageLoaderBasicVC.xib */ = {isa = PBXFileReference; lastKnownFileType = file.xib; path = ImageLoaderBasicVC.xib; sourceTree = "<group>"; };
		71BCAE1E11F0307700191293 /* RootViewController.h */ = {isa = PBXFileReference; fileEncoding = 4; lastKnownFileType = sourcecode.c.h; path = RootViewController.h; sourceTree = "<group>"; };
		71BCAE1F11F0307700191293 /* RootViewController.m */ = {isa = PBXFileReference; fileEncoding = 4; lastKnownFileType = sourcecode.c.objc; path = RootViewController.m; sourceTree = "<group>"; };
		71BCAE2311F0386500191293 /* ImageLoaderSpecial.h */ = {isa = PBXFileReference; fileEncoding = 4; lastKnownFileType = sourcecode.c.h; path = ImageLoaderSpecial.h; sourceTree = "<group>"; };
		71BCAE2411F0386500191293 /* ImageLoaderSpecial.m */ = {isa = PBXFileReference; fileEncoding = 4; lastKnownFileType = sourcecode.c.objc; path = ImageLoaderSpecial.m; sourceTree = "<group>"; };
		8C1F4CD911F85B5100FEF83E /* SegmentDemoViewController.h */ = {isa = PBXFileReference; fileEncoding = 4; lastKnownFileType = sourcecode.c.h; path = SegmentDemoViewController.h; sourceTree = "<group>"; };
		8C1F4CDA11F85B5100FEF83E /* SegmentDemoViewController.m */ = {isa = PBXFileReference; fileEncoding = 4; lastKnownFileType = sourcecode.c.objc; path = SegmentDemoViewController.m; sourceTree = "<group>"; };
		8C1F4D3211F86B7300FEF83E /* TabBarVCDemoViewController.h */ = {isa = PBXFileReference; fileEncoding = 4; lastKnownFileType = sourcecode.c.h; path = TabBarVCDemoViewController.h; sourceTree = "<group>"; };
		8C1F4D3311F86B7300FEF83E /* TabBarVCDemoViewController.m */ = {isa = PBXFileReference; fileEncoding = 4; lastKnownFileType = sourcecode.c.objc; path = TabBarVCDemoViewController.m; sourceTree = "<group>"; };
		8C82585B1262F4470078E094 /* QuartzCore.framework */ = {isa = PBXFileReference; lastKnownFileType = wrapper.framework; name = QuartzCore.framework; path = System/Library/Frameworks/QuartzCore.framework; sourceTree = SDKROOT; };
		8C8258871262F9FE0078E094 /* SettingViewController.h */ = {isa = PBXFileReference; fileEncoding = 4; lastKnownFileType = sourcecode.c.h; path = SettingViewController.h; sourceTree = "<group>"; };
		8C8258881262F9FE0078E094 /* SettingViewController.m */ = {isa = PBXFileReference; fileEncoding = 4; lastKnownFileType = sourcecode.c.objc; path = SettingViewController.m; sourceTree = "<group>"; };
		8C8258891262F9FE0078E094 /* SettingViewController.xib */ = {isa = PBXFileReference; lastKnownFileType = file.xib; path = SettingViewController.xib; sourceTree = "<group>"; };
		8C82588C1262FA1E0078E094 /* SettingTestCase.h */ = {isa = PBXFileReference; fileEncoding = 4; lastKnownFileType = sourcecode.c.h; path = SettingTestCase.h; sourceTree = "<group>"; };
		8C82588D1262FA1E0078E094 /* SettingTestCase.m */ = {isa = PBXFileReference; fileEncoding = 4; lastKnownFileType = sourcecode.c.objc; path = SettingTestCase.m; sourceTree = "<group>"; };
		8CD6583111F04D28009D906E /* AppRecord.h */ = {isa = PBXFileReference; fileEncoding = 4; lastKnownFileType = sourcecode.c.h; path = AppRecord.h; sourceTree = "<group>"; };
		8CD6583211F04D28009D906E /* AppRecord.m */ = {isa = PBXFileReference; fileEncoding = 4; lastKnownFileType = sourcecode.c.objc; path = AppRecord.m; sourceTree = "<group>"; };
		8CD6583311F04D28009D906E /* ParseOperation.h */ = {isa = PBXFileReference; fileEncoding = 4; lastKnownFileType = sourcecode.c.h; path = ParseOperation.h; sourceTree = "<group>"; };
		8CD6583411F04D28009D906E /* ParseOperation.m */ = {isa = PBXFileReference; fileEncoding = 4; lastKnownFileType = sourcecode.c.objc; path = ParseOperation.m; sourceTree = "<group>"; };
		CA41BD1F143B616600D3E9AE /* NSAdditions.h */ = {isa = PBXFileReference; fileEncoding = 4; lastKnownFileType = sourcecode.c.h; path = NSAdditions.h; sourceTree = "<group>"; };
		CA41BD20143B616600D3E9AE /* NSDictionary+NonNull.h */ = {isa = PBXFileReference; fileEncoding = 4; lastKnownFileType = sourcecode.c.h; path = "NSDictionary+NonNull.h"; sourceTree = "<group>"; };
		CA41BD21143B616600D3E9AE /* NSDictionary+NonNull.m */ = {isa = PBXFileReference; fileEncoding = 4; lastKnownFileType = sourcecode.c.objc; path = "NSDictionary+NonNull.m"; sourceTree = "<group>"; };
		CA41BD22143B616600D3E9AE /* NSDictionary+URL.h */ = {isa = PBXFileReference; fileEncoding = 4; lastKnownFileType = sourcecode.c.h; path = "NSDictionary+URL.h"; sourceTree = "<group>"; };
		CA41BD23143B616600D3E9AE /* NSDictionary+URL.m */ = {isa = PBXFileReference; fileEncoding = 4; lastKnownFileType = sourcecode.c.objc; path = "NSDictionary+URL.m"; sourceTree = "<group>"; };
		CA41BD24143B616600D3E9AE /* NSString+Addition.h */ = {isa = PBXFileReference; fileEncoding = 4; lastKnownFileType = sourcecode.c.h; path = "NSString+Addition.h"; sourceTree = "<group>"; };
		CA41BD25143B616600D3E9AE /* NSString+Addition.m */ = {isa = PBXFileReference; fileEncoding = 4; lastKnownFileType = sourcecode.c.objc; path = "NSString+Addition.m"; sourceTree = "<group>"; };
		CA41BD26143B616600D3E9AE /* UIAdditions.h */ = {isa = PBXFileReference; fileEncoding = 4; lastKnownFileType = sourcecode.c.h; path = UIAdditions.h; sourceTree = "<group>"; };
		CA41BD27143B616600D3E9AE /* UIDevice+PL.h */ = {isa = PBXFileReference; fileEncoding = 4; lastKnownFileType = sourcecode.c.h; path = "UIDevice+PL.h"; sourceTree = "<group>"; };
		CA41BD28143B616600D3E9AE /* UIDevice+PL.m */ = {isa = PBXFileReference; fileEncoding = 4; lastKnownFileType = sourcecode.c.objc; path = "UIDevice+PL.m"; sourceTree = "<group>"; };
		CA41BD29143B616600D3E9AE /* UIImage+PL.h */ = {isa = PBXFileReference; fileEncoding = 4; lastKnownFileType = sourcecode.c.h; path = "UIImage+PL.h"; sourceTree = "<group>"; };
		CA41BD2A143B616600D3E9AE /* UIImage+PL.m */ = {isa = PBXFileReference; fileEncoding = 4; lastKnownFileType = sourcecode.c.objc; path = "UIImage+PL.m"; sourceTree = "<group>"; };
		CA41BD2B143B616600D3E9AE /* UIImageExtras.h */ = {isa = PBXFileReference; fileEncoding = 4; lastKnownFileType = sourcecode.c.h; path = UIImageExtras.h; sourceTree = "<group>"; };
		CA41BD2C143B616600D3E9AE /* UIImageExtras.m */ = {isa = PBXFileReference; fileEncoding = 4; lastKnownFileType = sourcecode.c.objc; path = UIImageExtras.m; sourceTree = "<group>"; };
		CA41BD2D143B616600D3E9AE /* UIView-ModalAnimationHelper.h */ = {isa = PBXFileReference; fileEncoding = 4; lastKnownFileType = sourcecode.c.h; path = "UIView-ModalAnimationHelper.h"; sourceTree = "<group>"; };
		CA41BD2E143B616600D3E9AE /* UIView-ModalAnimationHelper.m */ = {isa = PBXFileReference; fileEncoding = 4; lastKnownFileType = sourcecode.c.objc; path = "UIView-ModalAnimationHelper.m"; sourceTree = "<group>"; };
		CA41BD2F143B616600D3E9AE /* UIViewAdditions.h */ = {isa = PBXFileReference; fileEncoding = 4; lastKnownFileType = sourcecode.c.h; path = UIViewAdditions.h; sourceTree = "<group>"; };
		CA41BD30143B616600D3E9AE /* UIViewAdditions.m */ = {isa = PBXFileReference; fileEncoding = 4; lastKnownFileType = sourcecode.c.objc; path = UIViewAdditions.m; sourceTree = "<group>"; };
		CA41BD32143B616600D3E9AE /* PLCore.h */ = {isa = PBXFileReference; fileEncoding = 4; lastKnownFileType = sourcecode.c.h; path = PLCore.h; sourceTree = "<group>"; };
		CA41BD33143B616600D3E9AE /* PLGlobal.h */ = {isa = PBXFileReference; fileEncoding = 4; lastKnownFileType = sourcecode.c.h; path = PLGlobal.h; sourceTree = "<group>"; };
		CA41BD34143B616600D3E9AE /* PLGlobal.m */ = {isa = PBXFileReference; fileEncoding = 4; lastKnownFileType = sourcecode.c.objc; path = PLGlobal.m; sourceTree = "<group>"; };
		CA41BD35143B616600D3E9AE /* PLOG.h */ = {isa = PBXFileReference; fileEncoding = 4; lastKnownFileType = sourcecode.c.h; path = PLOG.h; sourceTree = "<group>"; };
		CA41BD36143B616600D3E9AE /* PLOG.m */ = {isa = PBXFileReference; fileEncoding = 4; lastKnownFileType = sourcecode.c.objc; path = PLOG.m; sourceTree = "<group>"; };
		CA41BD37143B616600D3E9AE /* PLSettings.h */ = {isa = PBXFileReference; fileEncoding = 4; lastKnownFileType = sourcecode.c.h; path = PLSettings.h; sourceTree = "<group>"; };
		CA41BD38143B616600D3E9AE /* PLSettings.m */ = {isa = PBXFileReference; fileEncoding = 4; lastKnownFileType = sourcecode.c.objc; path = PLSettings.m; sourceTree = "<group>"; };
		CA41BD39143B616600D3E9AE /* PlutoLand.h */ = {isa = PBXFileReference; fileEncoding = 4; lastKnownFileType = sourcecode.c.h; path = PlutoLand.h; sourceTree = "<group>"; };
		CA41BD3A143B616600D3E9AE /* T.h */ = {isa = PBXFileReference; fileEncoding = 4; lastKnownFileType = sourcecode.c.h; path = T.h; sourceTree = "<group>"; };
		CA41BD3B143B616600D3E9AE /* T.m */ = {isa = PBXFileReference; fileEncoding = 4; lastKnownFileType = sourcecode.c.objc; path = T.m; sourceTree = "<group>"; };
		CA41BD3D143B616600D3E9AE /* PLHttpClient.h */ = {isa = PBXFileReference; fileEncoding = 4; lastKnownFileType = sourcecode.c.h; path = PLHttpClient.h; sourceTree = "<group>"; };
		CA41BD3E143B616600D3E9AE /* PLHttpClient.m */ = {isa = PBXFileReference; fileEncoding = 4; lastKnownFileType = sourcecode.c.objc; path = PLHttpClient.m; sourceTree = "<group>"; };
		CA41BD3F143B616600D3E9AE /* PLHttpConfig.h */ = {isa = PBXFileReference; fileEncoding = 4; lastKnownFileType = sourcecode.c.h; path = PLHttpConfig.h; sourceTree = "<group>"; };
		CA41BD40143B616600D3E9AE /* PLHttpConfig.m */ = {isa = PBXFileReference; fileEncoding = 4; lastKnownFileType = sourcecode.c.objc; path = PLHttpConfig.m; sourceTree = "<group>"; };
		CA41BD41143B616600D3E9AE /* PLHttpQueue.h */ = {isa = PBXFileReference; fileEncoding = 4; lastKnownFileType = sourcecode.c.h; path = PLHttpQueue.h; sourceTree = "<group>"; };
		CA41BD42143B616600D3E9AE /* PLHttpQueue.m */ = {isa = PBXFileReference; fileEncoding = 4; lastKnownFileType = sourcecode.c.objc; path = PLHttpQueue.m; sourceTree = "<group>"; };
		CA41BD43143B616600D3E9AE /* PLImageCache.h */ = {isa = PBXFileReference; fileEncoding = 4; lastKnownFileType = sourcecode.c.h; path = PLImageCache.h; sourceTree = "<group>"; };
		CA41BD44143B616600D3E9AE /* PLImageCache.m */ = {isa = PBXFileReference; fileEncoding = 4; lastKnownFileType = sourcecode.c.objc; path = PLImageCache.m; sourceTree = "<group>"; };
		CA41BD45143B616600D3E9AE /* PLImageLoader.h */ = {isa = PBXFileReference; fileEncoding = 4; lastKnownFileType = sourcecode.c.h; path = PLImageLoader.h; sourceTree = "<group>"; };
		CA41BD46143B616600D3E9AE /* PLImageLoader.m */ = {isa = PBXFileReference; fileEncoding = 4; lastKnownFileType = sourcecode.c.objc; path = PLImageLoader.m; sourceTree = "<group>"; };
		CA41BD47143B616600D3E9AE /* PLImageRequest.h */ = {isa = PBXFileReference; fileEncoding = 4; lastKnownFileType = sourcecode.c.h; path = PLImageRequest.h; sourceTree = "<group>"; };
		CA41BD48143B616600D3E9AE /* PLImageRequest.m */ = {isa = PBXFileReference; fileEncoding = 4; lastKnownFileType = sourcecode.c.objc; path = PLImageRequest.m; sourceTree = "<group>"; };
		CA41BD49143B616600D3E9AE /* UIImageView+Http.h */ = {isa = PBXFileReference; fileEncoding = 4; lastKnownFileType = sourcecode.c.h; path = "UIImageView+Http.h"; sourceTree = "<group>"; };
		CA41BD4A143B616600D3E9AE /* UIImageView+Http.m */ = {isa = PBXFileReference; fileEncoding = 4; lastKnownFileType = sourcecode.c.objc; path = "UIImageView+Http.m"; sourceTree = "<group>"; };
		CA41BD4B143B616600D3E9AE /* TODO.mdown */ = {isa = PBXFileReference; fileEncoding = 4; lastKnownFileType = text; path = TODO.mdown; sourceTree = "<group>"; };
		CA41BD4D143B616600D3E9AE /* PLProgressBar.h */ = {isa = PBXFileReference; fileEncoding = 4; lastKnownFileType = sourcecode.c.h; path = PLProgressBar.h; sourceTree = "<group>"; };
		CA41BD4E143B616600D3E9AE /* PLProgressBar.m */ = {isa = PBXFileReference; fileEncoding = 4; lastKnownFileType = sourcecode.c.objc; path = PLProgressBar.m; sourceTree = "<group>"; };
		CA41BD4F143B616600D3E9AE /* PLSegmentCell.h */ = {isa = PBXFileReference; fileEncoding = 4; lastKnownFileType = sourcecode.c.h; path = PLSegmentCell.h; sourceTree = "<group>"; };
		CA41BD50143B616600D3E9AE /* PLSegmentCell.m */ = {isa = PBXFileReference; fileEncoding = 4; lastKnownFileType = sourcecode.c.objc; path = PLSegmentCell.m; sourceTree = "<group>"; };
		CA41BD51143B616600D3E9AE /* PLSegmentView.h */ = {isa = PBXFileReference; fileEncoding = 4; lastKnownFileType = sourcecode.c.h; path = PLSegmentView.h; sourceTree = "<group>"; };
		CA41BD52143B616600D3E9AE /* PLSegmentView.m */ = {isa = PBXFileReference; fileEncoding = 4; lastKnownFileType = sourcecode.c.objc; path = PLSegmentView.m; sourceTree = "<group>"; };
		CA41BD53143B616600D3E9AE /* PLSwipeableTableView.h */ = {isa = PBXFileReference; fileEncoding = 4; lastKnownFileType = sourcecode.c.h; path = PLSwipeableTableView.h; sourceTree = "<group>"; };
		CA41BD54143B616600D3E9AE /* PLSwipeableTableView.m */ = {isa = PBXFileReference; fileEncoding = 4; lastKnownFileType = sourcecode.c.objc; path = PLSwipeableTableView.m; sourceTree = "<group>"; };
		CA41BD55143B616600D3E9AE /* PLSwipeableTableViewCell.h */ = {isa = PBXFileReference; fileEncoding = 4; lastKnownFileType = sourcecode.c.h; path = PLSwipeableTableViewCell.h; sourceTree = "<group>"; };
		CA41BD56143B616600D3E9AE /* PLSwipeableTableViewCell.m */ = {isa = PBXFileReference; fileEncoding = 4; lastKnownFileType = sourcecode.c.objc; path = PLSwipeableTableViewCell.m; sourceTree = "<group>"; };
		CA41BD57143B616600D3E9AE /* PLTabBarController.h */ = {isa = PBXFileReference; fileEncoding = 4; lastKnownFileType = sourcecode.c.h; path = PLTabBarController.h; sourceTree = "<group>"; };
		CA41BD58143B616600D3E9AE /* PLTabBarController.m */ = {isa = PBXFileReference; fileEncoding = 4; lastKnownFileType = sourcecode.c.objc; path = PLTabBarController.m; sourceTree = "<group>"; };
		CA41BD59143B616600D3E9AE /* XFPageController.h */ = {isa = PBXFileReference; fileEncoding = 4; lastKnownFileType = sourcecode.c.h; path = XFPageController.h; sourceTree = "<group>"; };
		CA41BD5A143B616600D3E9AE /* XFPageController.m */ = {isa = PBXFileReference; fileEncoding = 4; lastKnownFileType = sourcecode.c.objc; path = XFPageController.m; sourceTree = "<group>"; };
		CA41BD76143B61AE00D3E9AE /* AudioToolbox.framework */ = {isa = PBXFileReference; lastKnownFileType = wrapper.framework; name = AudioToolbox.framework; path = System/Library/Frameworks/AudioToolbox.framework; sourceTree = SDKROOT; };
		CA41BD7E143B634500D3E9AE /* MainWindow.xib */ = {isa = PBXFileReference; fileEncoding = 4; lastKnownFileType = file.xib; path = MainWindow.xib; sourceTree = "<group>"; };
		CA41BD7F143B634500D3E9AE /* nav1.png */ = {isa = PBXFileReference; lastKnownFileType = image.png; path = nav1.png; sourceTree = "<group>"; };
		CA41BD80143B634500D3E9AE /* nav1_1.png */ = {isa = PBXFileReference; lastKnownFileType = image.png; path = nav1_1.png; sourceTree = "<group>"; };
		CA41BD81143B634500D3E9AE /* nav2.png */ = {isa = PBXFileReference; lastKnownFileType = image.png; path = nav2.png; sourceTree = "<group>"; };
		CA41BD82143B634500D3E9AE /* nav2_1.png */ = {isa = PBXFileReference; lastKnownFileType = image.png; path = nav2_1.png; sourceTree = "<group>"; };
		CA41BD83143B634500D3E9AE /* nav3.png */ = {isa = PBXFileReference; lastKnownFileType = image.png; path = nav3.png; sourceTree = "<group>"; };
		CA41BD84143B634500D3E9AE /* nav3_1.png */ = {isa = PBXFileReference; lastKnownFileType = image.png; path = nav3_1.png; sourceTree = "<group>"; };
		CA41BD85143B634500D3E9AE /* nav4.png */ = {isa = PBXFileReference; lastKnownFileType = image.png; path = nav4.png; sourceTree = "<group>"; };
		CA41BD86143B634500D3E9AE /* nav4_1.png */ = {isa = PBXFileReference; lastKnownFileType = image.png; path = nav4_1.png; sourceTree = "<group>"; };
		CA41BD87143B634500D3E9AE /* notify_arrow.png */ = {isa = PBXFileReference; lastKnownFileType = image.png; path = notify_arrow.png; sourceTree = "<group>"; };
		CA41BD88143B634500D3E9AE /* placeHolder.png */ = {isa = PBXFileReference; lastKnownFileType = image.png; path = placeHolder.png; sourceTree = "<group>"; };
		CA41BD96143B637D00D3E9AE /* PlutoLand-Info.plist */ = {isa = PBXFileReference; fileEncoding = 4; lastKnownFileType = text.plist.xml; path = "PlutoLand-Info.plist"; sourceTree = "<group>"; };
		CA43DDE1149B275400A161B4 /* PLHash.h */ = {isa = PBXFileReference; fileEncoding = 4; lastKnownFileType = sourcecode.c.h; path = PLHash.h; sourceTree = "<group>"; };
		CA43DDE2149B275400A161B4 /* PLHash.m */ = {isa = PBXFileReference; fileEncoding = 4; lastKnownFileType = sourcecode.c.objc; path = PLHash.m; sourceTree = "<group>"; };
/* End PBXFileReference section */

/* Begin PBXFrameworksBuildPhase section */
		1D60588F0D05DD3D006BFB54 /* Frameworks */ = {
			isa = PBXFrameworksBuildPhase;
			buildActionMask = 2147483647;
			files = (
				CA41BD77143B61AE00D3E9AE /* AudioToolbox.framework in Frameworks */,
				1D60589F0D05DD5A006BFB54 /* Foundation.framework in Frameworks */,
				1DF5F4E00D08C38300B7A737 /* UIKit.framework in Frameworks */,
				288765FD0DF74451002DB57D /* CoreGraphics.framework in Frameworks */,
				8C82585C1262F4470078E094 /* QuartzCore.framework in Frameworks */,
			);
			runOnlyForDeploymentPostprocessing = 0;
		};
/* End PBXFrameworksBuildPhase section */

/* Begin PBXGroup section */
		080E96DDFE201D6D7F000001 /* Classes */ = {
			isa = PBXGroup;
			children = (
				8C8258861262F9D60078E094 /* PLSettings */,
				8C1F4CD811F85B0C00FEF83E /* Segment View */,
				71BCAEAA11F068D700191293 /* image loader */,
				71BCAEA911F068B900191293 /* AppDelegate */,
			);
			path = Classes;
			sourceTree = "<group>";
		};
		19C28FACFE9D520D11CA2CBB /* Products */ = {
			isa = PBXGroup;
			children = (
				1D6058910D05DD3D006BFB54 /* PlutoLand.app */,
			);
			name = Products;
			sourceTree = "<group>";
		};
		29B97314FDCFA39411CA2CEA /* CustomTemplate */ = {
			isa = PBXGroup;
			children = (
				CA41BD1D143B616600D3E9AE /* PlutoLand */,
				080E96DDFE201D6D7F000001 /* Classes */,
				29B97315FDCFA39411CA2CEA /* Other Sources */,
				29B97317FDCFA39411CA2CEA /* Resources */,
				29B97323FDCFA39411CA2CEA /* Frameworks */,
				19C28FACFE9D520D11CA2CBB /* Products */,
			);
			name = CustomTemplate;
			sourceTree = "<group>";
		};
		29B97315FDCFA39411CA2CEA /* Other Sources */ = {
			isa = PBXGroup;
			children = (
				32CA4F630368D1EE00C91783 /* PlutoLand_Prefix.pch */,
				29B97316FDCFA39411CA2CEA /* main.m */,
			);
			name = "Other Sources";
			sourceTree = "<group>";
		};
		29B97317FDCFA39411CA2CEA /* Resources */ = {
			isa = PBXGroup;
			children = (
				CA41BD96143B637D00D3E9AE /* PlutoLand-Info.plist */,
				CA41BD7D143B634500D3E9AE /* Demo-Resources */,
			);
			name = Resources;
			sourceTree = "<group>";
		};
		29B97323FDCFA39411CA2CEA /* Frameworks */ = {
			isa = PBXGroup;
			children = (
				CA41BD76143B61AE00D3E9AE /* AudioToolbox.framework */,
				1DF5F4DF0D08C38300B7A737 /* UIKit.framework */,
				1D30AB110D05D00D00671497 /* Foundation.framework */,
				288765FC0DF74451002DB57D /* CoreGraphics.framework */,
				8C82585B1262F4470078E094 /* QuartzCore.framework */,
			);
			name = Frameworks;
			sourceTree = "<group>";
		};
		71BCAEA911F068B900191293 /* AppDelegate */ = {
			isa = PBXGroup;
			children = (
				1D3623240D0F684500981E51 /* PlutoLandAppDelegate.h */,
				1D3623250D0F684500981E51 /* PlutoLandAppDelegate.m */,
				71BCAE1E11F0307700191293 /* RootViewController.h */,
				71BCAE1F11F0307700191293 /* RootViewController.m */,
			);
			name = AppDelegate;
			sourceTree = "<group>";
		};
		71BCAEAA11F068D700191293 /* image loader */ = {
			isa = PBXGroup;
			children = (
				8CD6582311F04B46009D906E /* LazyTableImages */,
				71BCAD5611EFFF4500191293 /* ImageLoaderBasicVC.h */,
				71BCAD5711EFFF4500191293 /* ImageLoaderBasicVC.m */,
				71BCAD5811EFFF4500191293 /* ImageLoaderBasicVC.xib */,
				71BCAE2311F0386500191293 /* ImageLoaderSpecial.h */,
				71BCAE2411F0386500191293 /* ImageLoaderSpecial.m */,
			);
			name = "image loader";
			sourceTree = "<group>";
		};
		8C1F4CD811F85B0C00FEF83E /* Segment View */ = {
			isa = PBXGroup;
			children = (
				8C1F4CD911F85B5100FEF83E /* SegmentDemoViewController.h */,
				8C1F4CDA11F85B5100FEF83E /* SegmentDemoViewController.m */,
				8C1F4D3211F86B7300FEF83E /* TabBarVCDemoViewController.h */,
				8C1F4D3311F86B7300FEF83E /* TabBarVCDemoViewController.m */,
			);
			name = "Segment View";
			sourceTree = "<group>";
		};
		8C8258861262F9D60078E094 /* PLSettings */ = {
			isa = PBXGroup;
			children = (
				8C8258871262F9FE0078E094 /* SettingViewController.h */,
				8C8258881262F9FE0078E094 /* SettingViewController.m */,
				8C8258891262F9FE0078E094 /* SettingViewController.xib */,
				8C82588C1262FA1E0078E094 /* SettingTestCase.h */,
				8C82588D1262FA1E0078E094 /* SettingTestCase.m */,
			);
			name = PLSettings;
			sourceTree = "<group>";
		};
		8CD6582311F04B46009D906E /* LazyTableImages */ = {
			isa = PBXGroup;
			children = (
				8CD6583111F04D28009D906E /* AppRecord.h */,
				8CD6583211F04D28009D906E /* AppRecord.m */,
				8CD6583311F04D28009D906E /* ParseOperation.h */,
				8CD6583411F04D28009D906E /* ParseOperation.m */,
			);
			name = LazyTableImages;
			sourceTree = "<group>";
		};
		CA41BD1D143B616600D3E9AE /* PlutoLand */ = {
			isa = PBXGroup;
			children = (
				CA43DDE0149B275400A161B4 /* Additions */,
				CA41BD1E143B616600D3E9AE /* Categories */,
				CA41BD31143B616600D3E9AE /* Global */,
				CA41BD3C143B616600D3E9AE /* HttpClient */,
				CA41BD4B143B616600D3E9AE /* TODO.mdown */,
				CA41BD4C143B616600D3E9AE /* UI */,
			);
			path = PlutoLand;
			sourceTree = "<group>";
		};
		CA41BD1E143B616600D3E9AE /* Categories */ = {
			isa = PBXGroup;
			children = (
				CA41BD1F143B616600D3E9AE /* NSAdditions.h */,
				CA41BD20143B616600D3E9AE /* NSDictionary+NonNull.h */,
				CA41BD21143B616600D3E9AE /* NSDictionary+NonNull.m */,
				CA41BD22143B616600D3E9AE /* NSDictionary+URL.h */,
				CA41BD23143B616600D3E9AE /* NSDictionary+URL.m */,
				CA41BD24143B616600D3E9AE /* NSString+Addition.h */,
				CA41BD25143B616600D3E9AE /* NSString+Addition.m */,
				CA41BD26143B616600D3E9AE /* UIAdditions.h */,
				CA41BD27143B616600D3E9AE /* UIDevice+PL.h */,
				CA41BD28143B616600D3E9AE /* UIDevice+PL.m */,
				CA41BD29143B616600D3E9AE /* UIImage+PL.h */,
				CA41BD2A143B616600D3E9AE /* UIImage+PL.m */,
				CA41BD2B143B616600D3E9AE /* UIImageExtras.h */,
				CA41BD2C143B616600D3E9AE /* UIImageExtras.m */,
				CA41BD2D143B616600D3E9AE /* UIView-ModalAnimationHelper.h */,
				CA41BD2E143B616600D3E9AE /* UIView-ModalAnimationHelper.m */,
				CA41BD2F143B616600D3E9AE /* UIViewAdditions.h */,
				CA41BD30143B616600D3E9AE /* UIViewAdditions.m */,
			);
			path = Categories;
			sourceTree = "<group>";
		};
		CA41BD31143B616600D3E9AE /* Global */ = {
			isa = PBXGroup;
			children = (
				CA41BD32143B616600D3E9AE /* PLCore.h */,
				CA41BD33143B616600D3E9AE /* PLGlobal.h */,
				CA41BD34143B616600D3E9AE /* PLGlobal.m */,
				CA41BD35143B616600D3E9AE /* PLOG.h */,
				CA41BD36143B616600D3E9AE /* PLOG.m */,
				CA41BD37143B616600D3E9AE /* PLSettings.h */,
				CA41BD38143B616600D3E9AE /* PLSettings.m */,
				CA41BD39143B616600D3E9AE /* PlutoLand.h */,
				CA41BD3A143B616600D3E9AE /* T.h */,
				CA41BD3B143B616600D3E9AE /* T.m */,
			);
			path = Global;
			sourceTree = "<group>";
		};
		CA41BD3C143B616600D3E9AE /* HttpClient */ = {
			isa = PBXGroup;
			children = (
				CA41BD3D143B616600D3E9AE /* PLHttpClient.h */,
				CA41BD3E143B616600D3E9AE /* PLHttpClient.m */,
				CA41BD3F143B616600D3E9AE /* PLHttpConfig.h */,
				CA41BD40143B616600D3E9AE /* PLHttpConfig.m */,
				CA41BD41143B616600D3E9AE /* PLHttpQueue.h */,
				CA41BD42143B616600D3E9AE /* PLHttpQueue.m */,
				CA41BD43143B616600D3E9AE /* PLImageCache.h */,
				CA41BD44143B616600D3E9AE /* PLImageCache.m */,
				CA41BD45143B616600D3E9AE /* PLImageLoader.h */,
				CA41BD46143B616600D3E9AE /* PLImageLoader.m */,
				CA41BD47143B616600D3E9AE /* PLImageRequest.h */,
				CA41BD48143B616600D3E9AE /* PLImageRequest.m */,
				CA41BD49143B616600D3E9AE /* UIImageView+Http.h */,
				CA41BD4A143B616600D3E9AE /* UIImageView+Http.m */,
			);
			path = HttpClient;
			sourceTree = "<group>";
		};
		CA41BD4C143B616600D3E9AE /* UI */ = {
			isa = PBXGroup;
			children = (
				CA41BD4D143B616600D3E9AE /* PLProgressBar.h */,
				CA41BD4E143B616600D3E9AE /* PLProgressBar.m */,
				CA41BD4F143B616600D3E9AE /* PLSegmentCell.h */,
				CA41BD50143B616600D3E9AE /* PLSegmentCell.m */,
				CA41BD51143B616600D3E9AE /* PLSegmentView.h */,
				CA41BD52143B616600D3E9AE /* PLSegmentView.m */,
				CA41BD53143B616600D3E9AE /* PLSwipeableTableView.h */,
				CA41BD54143B616600D3E9AE /* PLSwipeableTableView.m */,
				CA41BD55143B616600D3E9AE /* PLSwipeableTableViewCell.h */,
				CA41BD56143B616600D3E9AE /* PLSwipeableTableViewCell.m */,
				CA41BD57143B616600D3E9AE /* PLTabBarController.h */,
				CA41BD58143B616600D3E9AE /* PLTabBarController.m */,
				CA41BD59143B616600D3E9AE /* XFPageController.h */,
				CA41BD5A143B616600D3E9AE /* XFPageController.m */,
			);
			path = UI;
			sourceTree = "<group>";
		};
		CA41BD7D143B634500D3E9AE /* Demo-Resources */ = {
			isa = PBXGroup;
			children = (
				CA41BD7E143B634500D3E9AE /* MainWindow.xib */,
				CA41BD7F143B634500D3E9AE /* nav1.png */,
				CA41BD80143B634500D3E9AE /* nav1_1.png */,
				CA41BD81143B634500D3E9AE /* nav2.png */,
				CA41BD82143B634500D3E9AE /* nav2_1.png */,
				CA41BD83143B634500D3E9AE /* nav3.png */,
				CA41BD84143B634500D3E9AE /* nav3_1.png */,
				CA41BD85143B634500D3E9AE /* nav4.png */,
				CA41BD86143B634500D3E9AE /* nav4_1.png */,
				CA41BD87143B634500D3E9AE /* notify_arrow.png */,
				CA41BD88143B634500D3E9AE /* placeHolder.png */,
			);
			path = "Demo-Resources";
			sourceTree = "<group>";
		};
		CA43DDE0149B275400A161B4 /* Additions */ = {
			isa = PBXGroup;
			children = (
				CA43DDE1149B275400A161B4 /* PLHash.h */,
				CA43DDE2149B275400A161B4 /* PLHash.m */,
			);
			path = Additions;
			sourceTree = "<group>";
		};
/* End PBXGroup section */

/* Begin PBXNativeTarget section */
		1D6058900D05DD3D006BFB54 /* PlutoLand */ = {
			isa = PBXNativeTarget;
			buildConfigurationList = 1D6058960D05DD3E006BFB54 /* Build configuration list for PBXNativeTarget "PlutoLand" */;
			buildPhases = (
				1D60588D0D05DD3D006BFB54 /* Resources */,
				1D60588E0D05DD3D006BFB54 /* Sources */,
				1D60588F0D05DD3D006BFB54 /* Frameworks */,
			);
			buildRules = (
			);
			dependencies = (
			);
			name = PlutoLand;
			productName = PlutoLand;
			productReference = 1D6058910D05DD3D006BFB54 /* PlutoLand.app */;
			productType = "com.apple.product-type.application";
		};
/* End PBXNativeTarget section */

/* Begin PBXProject section */
		29B97313FDCFA39411CA2CEA /* Project object */ = {
			isa = PBXProject;
			attributes = {
				ORGANIZATIONNAME = ixHan.com;
			};
			buildConfigurationList = C01FCF4E08A954540054247B /* Build configuration list for PBXProject "PlutoLand" */;
			compatibilityVersion = "Xcode 3.1";
			developmentRegion = English;
			hasScannedForEncodings = 1;
			knownRegions = (
				English,
				Japanese,
				French,
				German,
			);
			mainGroup = 29B97314FDCFA39411CA2CEA /* CustomTemplate */;
			projectDirPath = "";
			projectRoot = "";
			targets = (
				1D6058900D05DD3D006BFB54 /* PlutoLand */,
			);
		};
/* End PBXProject section */

/* Begin PBXResourcesBuildPhase section */
		1D60588D0D05DD3D006BFB54 /* Resources */ = {
			isa = PBXResourcesBuildPhase;
			buildActionMask = 2147483647;
			files = (
				71BCAD5A11EFFF4500191293 /* ImageLoaderBasicVC.xib in Resources */,
				8C82588B1262F9FE0078E094 /* SettingViewController.xib in Resources */,
				CA41BD6E143B616600D3E9AE /* TODO.mdown in Resources */,
				CA41BD8A143B634500D3E9AE /* MainWindow.xib in Resources */,
				CA41BD8B143B634500D3E9AE /* nav1.png in Resources */,
				CA41BD8C143B634500D3E9AE /* nav1_1.png in Resources */,
				CA41BD8D143B634500D3E9AE /* nav2.png in Resources */,
				CA41BD8E143B634500D3E9AE /* nav2_1.png in Resources */,
				CA41BD8F143B634500D3E9AE /* nav3.png in Resources */,
				CA41BD90143B634500D3E9AE /* nav3_1.png in Resources */,
				CA41BD91143B634500D3E9AE /* nav4.png in Resources */,
				CA41BD92143B634500D3E9AE /* nav4_1.png in Resources */,
				CA41BD93143B634500D3E9AE /* notify_arrow.png in Resources */,
				CA41BD94143B634500D3E9AE /* placeHolder.png in Resources */,
				CA41BD97143B637D00D3E9AE /* PlutoLand-Info.plist in Resources */,
			);
			runOnlyForDeploymentPostprocessing = 0;
		};
/* End PBXResourcesBuildPhase section */

/* Begin PBXSourcesBuildPhase section */
		1D60588E0D05DD3D006BFB54 /* Sources */ = {
			isa = PBXSourcesBuildPhase;
			buildActionMask = 2147483647;
			files = (
				1D60589B0D05DD56006BFB54 /* main.m in Sources */,
				1D3623260D0F684500981E51 /* PlutoLandAppDelegate.m in Sources */,
				71BCAD5911EFFF4500191293 /* ImageLoaderBasicVC.m in Sources */,
				71BCAE2011F0307700191293 /* RootViewController.m in Sources */,
				71BCAE2511F0386500191293 /* ImageLoaderSpecial.m in Sources */,
				8CD6583511F04D28009D906E /* AppRecord.m in Sources */,
				8CD6583611F04D28009D906E /* ParseOperation.m in Sources */,
				8C1F4CDB11F85B5100FEF83E /* SegmentDemoViewController.m in Sources */,
				8C1F4D3411F86B7300FEF83E /* TabBarVCDemoViewController.m in Sources */,
				8C82588A1262F9FE0078E094 /* SettingViewController.m in Sources */,
				8C82588E1262FA1E0078E094 /* SettingTestCase.m in Sources */,
				CA41BD5B143B616600D3E9AE /* NSDictionary+NonNull.m in Sources */,
				CA41BD5C143B616600D3E9AE /* NSDictionary+URL.m in Sources */,
				CA41BD5D143B616600D3E9AE /* NSString+Addition.m in Sources */,
				CA41BD5E143B616600D3E9AE /* UIDevice+PL.m in Sources */,
				CA41BD5F143B616600D3E9AE /* UIImage+PL.m in Sources */,
				CA41BD60143B616600D3E9AE /* UIImageExtras.m in Sources */,
				CA41BD61143B616600D3E9AE /* UIView-ModalAnimationHelper.m in Sources */,
				CA41BD62143B616600D3E9AE /* UIViewAdditions.m in Sources */,
				CA41BD63143B616600D3E9AE /* PLGlobal.m in Sources */,
				CA41BD64143B616600D3E9AE /* PLOG.m in Sources */,
				CA41BD65143B616600D3E9AE /* PLSettings.m in Sources */,
				CA41BD66143B616600D3E9AE /* T.m in Sources */,
				CA41BD67143B616600D3E9AE /* PLHttpClient.m in Sources */,
				CA41BD68143B616600D3E9AE /* PLHttpConfig.m in Sources */,
				CA41BD69143B616600D3E9AE /* PLHttpQueue.m in Sources */,
				CA41BD6A143B616600D3E9AE /* PLImageCache.m in Sources */,
				CA41BD6B143B616600D3E9AE /* PLImageLoader.m in Sources */,
				CA41BD6C143B616600D3E9AE /* PLImageRequest.m in Sources */,
				CA41BD6D143B616600D3E9AE /* UIImageView+Http.m in Sources */,
				CA41BD6F143B616600D3E9AE /* PLProgressBar.m in Sources */,
				CA41BD70143B616600D3E9AE /* PLSegmentCell.m in Sources */,
				CA41BD71143B616600D3E9AE /* PLSegmentView.m in Sources */,
				CA41BD72143B616600D3E9AE /* PLSwipeableTableView.m in Sources */,
				CA41BD73143B616600D3E9AE /* PLSwipeableTableViewCell.m in Sources */,
				CA41BD74143B616600D3E9AE /* PLTabBarController.m in Sources */,
				CA41BD75143B616600D3E9AE /* XFPageController.m in Sources */,
				CA43DDE3149B275400A161B4 /* PLHash.m in Sources */,
			);
			runOnlyForDeploymentPostprocessing = 0;
		};
/* End PBXSourcesBuildPhase section */

/* Begin XCBuildConfiguration section */
		1D6058940D05DD3E006BFB54 /* Debug */ = {
			isa = XCBuildConfiguration;
			buildSettings = {
				ALWAYS_SEARCH_USER_PATHS = NO;
				COPY_PHASE_STRIP = NO;
				GCC_DYNAMIC_NO_PIC = NO;
				GCC_OPTIMIZATION_LEVEL = 0;
				GCC_PRECOMPILE_PREFIX_HEADER = YES;
				GCC_PREFIX_HEADER = PlutoLand_Prefix.pch;
				INFOPLIST_FILE = "PlutoLand-Info.plist";
				PRODUCT_NAME = PlutoLand;
			};
			name = Debug;
		};
		1D6058950D05DD3E006BFB54 /* Release */ = {
			isa = XCBuildConfiguration;
			buildSettings = {
				ALWAYS_SEARCH_USER_PATHS = NO;
				COPY_PHASE_STRIP = YES;
				GCC_PRECOMPILE_PREFIX_HEADER = YES;
				GCC_PREFIX_HEADER = PlutoLand_Prefix.pch;
				INFOPLIST_FILE = "PlutoLand-Info.plist";
				PRODUCT_NAME = PlutoLand;
				VALIDATE_PRODUCT = YES;
			};
			name = Release;
		};
		C01FCF4F08A954540054247B /* Debug */ = {
			isa = XCBuildConfiguration;
			buildSettings = {
				ARCHS = "$(ARCHS_STANDARD_32_BIT)";
				"CODE_SIGN_IDENTITY[sdk=iphoneos*]" = "iPhone Developer";
				GCC_C_LANGUAGE_STANDARD = c99;
				GCC_WARN_ABOUT_RETURN_TYPE = YES;
				GCC_WARN_UNUSED_VARIABLE = YES;
				IPHONEOS_DEPLOYMENT_TARGET = 3.1.3;
				PREBINDING = NO;
				SDKROOT = iphoneos;
			};
			name = Debug;
		};
		C01FCF5008A954540054247B /* Release */ = {
			isa = XCBuildConfiguration;
			buildSettings = {
				ARCHS = "$(ARCHS_STANDARD_32_BIT)";
				"CODE_SIGN_IDENTITY[sdk=iphoneos*]" = "iPhone Developer";
				GCC_C_LANGUAGE_STANDARD = c99;
				GCC_WARN_ABOUT_RETURN_TYPE = YES;
				GCC_WARN_UNUSED_VARIABLE = YES;
				IPHONEOS_DEPLOYMENT_TARGET = 3.1.3;
				OTHER_CFLAGS = "-DNS_BLOCK_ASSERTIONS=1";
				PREBINDING = NO;
				SDKROOT = iphoneos;
			};
			name = Release;
		};
/* End XCBuildConfiguration section */

/* Begin XCConfigurationList section */
		1D6058960D05DD3E006BFB54 /* Build configuration list for PBXNativeTarget "PlutoLand" */ = {
			isa = XCConfigurationList;
			buildConfigurations = (
				1D6058940D05DD3E006BFB54 /* Debug */,
				1D6058950D05DD3E006BFB54 /* Release */,
			);
			defaultConfigurationIsVisible = 0;
			defaultConfigurationName = Release;
		};
		C01FCF4E08A954540054247B /* Build configuration list for PBXProject "PlutoLand" */ = {
			isa = XCConfigurationList;
			buildConfigurations = (
				C01FCF4F08A954540054247B /* Debug */,
				C01FCF5008A954540054247B /* Release */,
			);
			defaultConfigurationIsVisible = 0;
			defaultConfigurationName = Release;
		};
/* End XCConfigurationList section */
	};
	rootObject = 29B97313FDCFA39411CA2CEA /* Project object */;
}
